
Microsoft Visual Studio Solution File, Format Version 12.00
# Visual Studio 15
VisualStudioVersion = 15.0.26228.4
MinimumVisualStudioVersion = 10.0.40219.1
Project("{FAE04EC0-301F-11D3-BF4B-00C04F79EFBC}") = "ShoppingCar", "prjShoppingCar\ShoppingCar.csproj", "{FF144A3F-D71E-4F82-8594-9E17B6609D4A}"
EndProject
Global
	GlobalSection(SolutionConfigurationPlatforms) = preSolution
		Debug|Any CPU = Debug|Any CPU
		Release|Any CPU = Release|Any CPU
	EndGlobalSection
	GlobalSection(ProjectConfigurationPlatforms) = postSolution
		{FF144A3F-D71E-4F82-8594-9E17B6609D4A}.Debug|Any CPU.ActiveCfg = Debug|Any CPU
		{FF144A3F-D71E-4F82-8594-9E17B6609D4A}.Debug|Any CPU.Build.0 = Debug|Any CPU
		{FF144A3F-D71E-4F82-8594-9E17B6609D4A}.Release|Any CPU.ActiveCfg = Release|Any CPU
		{FF144A3F-D71E-4F82-8594-9E17B6609D4A}.Release|Any CPU.Build.0 = Release|Any CPU
	EndGlobalSection
	GlobalSection(SolutionProperties) = preSolution
		HideSolutionNode = FALSE
	EndGlobalSection
	GlobalSection(ExtensibilityGlobals) = postSolution
		SolutionGuid = {CA0D737C-BE0D-4386-88F5-D063246B613E}
	EndGlobalSection
EndGlobal
